
Microsoft Visual Studio Solution File, Format Version 12.00
# Visual Studio Version 17
VisualStudioVersion = 17.13.35931.197
MinimumVisualStudioVersion = 10.0.40219.1
Project("{FAE04EC0-301F-11D3-BF4B-00C04F79EFBC}") = "TestTask.Minesweeper.Domain", "TestTask.Minesweeper.Domain\TestTask.Minesweeper.Domain.csproj", "{92956FD9-6755-45B7-A90C-B458BFB6599D}"
EndProject
Project("{FAE04EC0-301F-11D3-BF4B-00C04F79EFBC}") = "TestTask.Minesweeper.Service", "TestTask.Minesweeper.Service\TestTask.Minesweeper.Service.csproj", "{DE8AC1F2-8136-4D54-9015-8688128C6E2F}"
EndProject
Project("{2150E333-8FDC-42A3-9474-1A3956D46DE8}") = "Solution items", "Solution items", "{02EA681E-C7D8-13C7-8484-4AC65E1B71E8}"
	ProjectSection(SolutionItems) = preProject
		.dockerignore = .dockerignore
		.gitignore = .gitignore
		LICENSE = LICENSE
		nuget.config = nuget.config
		README.md = README.md
	EndProjectSection
EndProject
Project("{E53339B2-1760-4266-BCC7-CA923CBCF16C}") = "docker-compose", "docker-compose.dcproj", "{81DDED9D-158B-E303-5F62-77A2896D2A5A}"
EndProject
Global
	GlobalSection(SolutionConfigurationPlatforms) = preSolution
		Debug|Any CPU = Debug|Any CPU
		Release|Any CPU = Release|Any CPU
	EndGlobalSection
	GlobalSection(ProjectConfigurationPlatforms) = postSolution
		{92956FD9-6755-45B7-A90C-B458BFB6599D}.Debug|Any CPU.ActiveCfg = Debug|Any CPU
		{92956FD9-6755-45B7-A90C-B458BFB6599D}.Debug|Any CPU.Build.0 = Debug|Any CPU
		{92956FD9-6755-45B7-A90C-B458BFB6599D}.Release|Any CPU.ActiveCfg = Release|Any CPU
		{92956FD9-6755-45B7-A90C-B458BFB6599D}.Release|Any CPU.Build.0 = Release|Any CPU
		{DE8AC1F2-8136-4D54-9015-8688128C6E2F}.Debug|Any CPU.ActiveCfg = Debug|Any CPU
		{DE8AC1F2-8136-4D54-9015-8688128C6E2F}.Debug|Any CPU.Build.0 = Debug|Any CPU
		{DE8AC1F2-8136-4D54-9015-8688128C6E2F}.Release|Any CPU.ActiveCfg = Release|Any CPU
		{DE8AC1F2-8136-4D54-9015-8688128C6E2F}.Release|Any CPU.Build.0 = Release|Any CPU
		{81DDED9D-158B-E303-5F62-77A2896D2A5A}.Debug|Any CPU.ActiveCfg = Debug|Any CPU
		{81DDED9D-158B-E303-5F62-77A2896D2A5A}.Debug|Any CPU.Build.0 = Debug|Any CPU
		{81DDED9D-158B-E303-5F62-77A2896D2A5A}.Release|Any CPU.ActiveCfg = Release|Any CPU
		{81DDED9D-158B-E303-5F62-77A2896D2A5A}.Release|Any CPU.Build.0 = Release|Any CPU
	EndGlobalSection
	GlobalSection(SolutionProperties) = preSolution
		HideSolutionNode = FALSE
	EndGlobalSection
	GlobalSection(ExtensibilityGlobals) = postSolution
		SolutionGuid = {DFC982EE-459A-4555-A029-28BE83397032}
	EndGlobalSection
EndGlobal
